{
  "version": 4,
  "terraform_version": "1.7.3",
  "serial": 951,
  "lineage": "e82a38fa-b3eb-2368-ca37-a4c5c1d3bdc0",
  "outputs": {},
  "resources": [
    {
      "module": "module.alb",
      "mode": "managed",
      "type": "aws_lb",
      "name": "ecs_alb",
      "provider": "provider[\"registry.terraform.io/hashicorp/aws\"]",
      "instances": [
        {
          "schema_version": 0,
          "attributes": {
            "access_logs": [
              {
                "bucket": "",
                "enabled": false,
                "prefix": ""
              }
            ],
            "arn": "arn:aws:elasticloadbalancing:us-west-2:656554891976:loadbalancer/app/ecs-alb/7e67fbd29948d26e",
            "arn_suffix": "app/ecs-alb/7e67fbd29948d26e",
            "customer_owned_ipv4_pool": "",
            "desync_mitigation_mode": "defensive",
            "dns_name": "ecs-alb-861034055.us-west-2.elb.amazonaws.com",
            "drop_invalid_header_fields": false,
            "enable_cross_zone_load_balancing": true,
            "enable_deletion_protection": false,
            "enable_http2": true,
            "enable_tls_version_and_cipher_suite_headers": false,
            "enable_waf_fail_open": false,
            "enable_xff_client_port": false,
            "id": "arn:aws:elasticloadbalancing:us-west-2:656554891976:loadbalancer/app/ecs-alb/7e67fbd29948d26e",
            "idle_timeout": 60,
            "internal": false,
            "ip_address_type": "ipv4",
            "load_balancer_type": "application",
            "name": "ecs-alb",
            "name_prefix": null,
            "preserve_host_header": false,
            "security_groups": [
              "sg-0eb054560f935b718"
            ],
            "subnet_mapping": [
              {
                "allocation_id": "",
                "ipv6_address": "",
                "outpost_id": "",
                "private_ipv4_address": "",
                "subnet_id": "subnet-0732bb0d2f2caa6a1"
              },
              {
                "allocation_id": "",
                "ipv6_address": "",
                "outpost_id": "",
                "private_ipv4_address": "",
                "subnet_id": "subnet-0accc3ca028988305"
              }
            ],
            "subnets": [
              "subnet-0732bb0d2f2caa6a1",
              "subnet-0accc3ca028988305"
            ],
            "tags": {
              "Name": "ecs-alb"
            },
            "tags_all": {
              "Name": "ecs-alb"
            },
            "timeouts": null,
            "vpc_id": "vpc-0d027f4c6d4bcfdab",
            "xff_header_processing_mode": "append",
            "zone_id": "Z1H1FL5HABSF5"
          },
          "sensitive_attributes": [],
          "private": "eyJlMmJmYjczMC1lY2FhLTExZTYtOGY4OC0zNDM2M2JjN2M0YzAiOnsiY3JlYXRlIjo2MDAwMDAwMDAwMDAsImRlbGV0ZSI6NjAwMDAwMDAwMDAwLCJ1cGRhdGUiOjYwMDAwMDAwMDAwMH19",
          "dependencies": [
            "module.vpc.aws_eip.Nat-Gateway-EIP",
            "module.vpc.aws_internet_gateway.internet_gateway",
            "module.vpc.aws_nat_gateway.ECS-nat",
            "module.vpc.aws_route_table.NAT-Gateway-RT",
            "module.vpc.aws_route_table.route_table",
            "module.vpc.aws_route_table_association.Nat-Gateway-RT-Association-subnet",
            "module.vpc.aws_route_table_association.Nat-Gateway-RT-Association-subnet2",
            "module.vpc.aws_route_table_association.subnet_route",
            "module.vpc.aws_route_table_association.subnet_route2",
            "module.vpc.aws_security_group.security_group",
            "module.vpc.aws_subnet.subnet",
            "module.vpc.aws_subnet.subnet2",
            "module.vpc.aws_subnet.subnet3",
            "module.vpc.aws_subnet.subnet4",
            "module.vpc.aws_vpc.main"
          ]
        }
      ]
    },
    {
      "module": "module.alb",
      "mode": "managed",
      "type": "aws_lb_listener",
      "name": "ecs_alb_listener",
      "provider": "provider[\"registry.terraform.io/hashicorp/aws\"]",
      "instances": [
        {
          "schema_version": 0,
          "attributes": {
            "alpn_policy": null,
            "arn": "arn:aws:elasticloadbalancing:us-west-2:656554891976:listener/app/ecs-alb/7e67fbd29948d26e/3551ebfe64d5cea6",
            "certificate_arn": null,
            "default_action": [
              {
                "authenticate_cognito": [],
                "authenticate_oidc": [],
                "fixed_response": [],
                "forward": [],
                "order": 1,
                "redirect": [],
                "target_group_arn": "arn:aws:elasticloadbalancing:us-west-2:656554891976:targetgroup/ecs-target-group/47fb465cfe4c841c",
                "type": "forward"
              }
            ],
            "id": "arn:aws:elasticloadbalancing:us-west-2:656554891976:listener/app/ecs-alb/7e67fbd29948d26e/3551ebfe64d5cea6",
            "load_balancer_arn": "arn:aws:elasticloadbalancing:us-west-2:656554891976:loadbalancer/app/ecs-alb/7e67fbd29948d26e",
            "port": 80,
            "protocol": "HTTP",
            "ssl_policy": "",
            "tags": {},
            "tags_all": {},
            "timeouts": null
          },
          "sensitive_attributes": [],
          "private": "eyJlMmJmYjczMC1lY2FhLTExZTYtOGY4OC0zNDM2M2JjN2M0YzAiOnsicmVhZCI6NjAwMDAwMDAwMDAwfX0=",
          "dependencies": [
            "module.alb.aws_lb.ecs_alb",
            "module.alb.aws_lb_target_group.ecs_tg",
            "module.vpc.aws_eip.Nat-Gateway-EIP",
            "module.vpc.aws_internet_gateway.internet_gateway",
            "module.vpc.aws_nat_gateway.ECS-nat",
            "module.vpc.aws_route_table.NAT-Gateway-RT",
            "module.vpc.aws_route_table.route_table",
            "module.vpc.aws_route_table_association.Nat-Gateway-RT-Association-subnet",
            "module.vpc.aws_route_table_association.Nat-Gateway-RT-Association-subnet2",
            "module.vpc.aws_route_table_association.subnet_route",
            "module.vpc.aws_route_table_association.subnet_route2",
            "module.vpc.aws_security_group.security_group",
            "module.vpc.aws_subnet.subnet",
            "module.vpc.aws_subnet.subnet2",
            "module.vpc.aws_subnet.subnet3",
            "module.vpc.aws_subnet.subnet4",
            "module.vpc.aws_vpc.main"
          ]
        }
      ]
    },
    {
      "module": "module.alb",
      "mode": "managed",
      "type": "aws_lb_target_group",
      "name": "ecs_tg",
      "provider": "provider[\"registry.terraform.io/hashicorp/aws\"]",
      "instances": [
        {
          "schema_version": 0,
          "attributes": {
            "arn": "arn:aws:elasticloadbalancing:us-west-2:656554891976:targetgroup/ecs-target-group/47fb465cfe4c841c",
            "arn_suffix": "targetgroup/ecs-target-group/47fb465cfe4c841c",
            "connection_termination": false,
            "deregistration_delay": "300",
            "health_check": [
              {
                "enabled": true,
                "healthy_threshold": 5,
                "interval": 30,
                "matcher": "200",
                "path": "/",
                "port": "traffic-port",
                "protocol": "HTTP",
                "timeout": 5,
                "unhealthy_threshold": 2
              }
            ],
            "id": "arn:aws:elasticloadbalancing:us-west-2:656554891976:targetgroup/ecs-target-group/47fb465cfe4c841c",
            "ip_address_type": "ipv4",
            "lambda_multi_value_headers_enabled": false,
            "load_balancing_algorithm_type": "round_robin",
            "load_balancing_cross_zone_enabled": "use_load_balancer_configuration",
            "name": "ecs-target-group",
            "name_prefix": null,
            "port": 3000,
            "preserve_client_ip": null,
            "protocol": "HTTP",
            "protocol_version": "HTTP1",
            "proxy_protocol_v2": false,
            "slow_start": 0,
            "stickiness": [
              {
                "cookie_duration": 86400,
                "cookie_name": "",
                "enabled": false,
                "type": "lb_cookie"
              }
            ],
            "tags": {},
            "tags_all": {},
            "target_failover": [
              {
                "on_deregistration": null,
                "on_unhealthy": null
              }
            ],
            "target_type": "ip",
            "vpc_id": "vpc-0d027f4c6d4bcfdab"
          },
          "sensitive_attributes": [],
          "private": "bnVsbA==",
          "dependencies": [
            "module.vpc.aws_eip.Nat-Gateway-EIP",
            "module.vpc.aws_internet_gateway.internet_gateway",
            "module.vpc.aws_nat_gateway.ECS-nat",
            "module.vpc.aws_route_table.NAT-Gateway-RT",
            "module.vpc.aws_route_table.route_table",
            "module.vpc.aws_route_table_association.Nat-Gateway-RT-Association-subnet",
            "module.vpc.aws_route_table_association.Nat-Gateway-RT-Association-subnet2",
            "module.vpc.aws_route_table_association.subnet_route",
            "module.vpc.aws_route_table_association.subnet_route2",
            "module.vpc.aws_security_group.security_group",
            "module.vpc.aws_subnet.subnet",
            "module.vpc.aws_subnet.subnet2",
            "module.vpc.aws_subnet.subnet3",
            "module.vpc.aws_subnet.subnet4",
            "module.vpc.aws_vpc.main"
          ]
        }
      ]
    },
    {
      "module": "module.api_gateway",
      "mode": "managed",
      "type": "aws_api_gateway_authorizer",
      "name": "api_authorizer",
      "provider": "provider[\"registry.terraform.io/hashicorp/aws\"]",
      "instances": [
        {
          "schema_version": 0,
          "attributes": {
            "arn": "arn:aws:apigateway:us-west-2::/restapis/bjjoto3z3f/authorizers/lqtmjc",
            "authorizer_credentials": "",
            "authorizer_result_ttl_in_seconds": 300,
            "authorizer_uri": "",
            "id": "lqtmjc",
            "identity_source": "method.request.header.Authorization",
            "identity_validation_expression": "",
            "name": "CognitoUserPoolAuthorizer",
            "provider_arns": [
              "arn:aws:cognito-idp:us-west-2:656554891976:userpool/us-west-2_VnHNmVynb"
            ],
            "rest_api_id": "bjjoto3z3f",
            "type": "COGNITO_USER_POOLS"
          },
          "sensitive_attributes": [],
          "private": "bnVsbA==",
          "dependencies": [
            "module.alb.aws_lb.ecs_alb",
            "module.alb.aws_lb_listener.ecs_alb_listener",
            "module.alb.aws_lb_target_group.ecs_tg",
            "module.api_gateway.aws_api_gateway_rest_api.rest_api",
            "module.api_gateway.aws_cognito_user_pool.royal_user_pool",
            "module.vpc.aws_eip.Nat-Gateway-EIP",
            "module.vpc.aws_internet_gateway.internet_gateway",
            "module.vpc.aws_nat_gateway.ECS-nat",
            "module.vpc.aws_route_table.NAT-Gateway-RT",
            "module.vpc.aws_route_table.route_table",
            "module.vpc.aws_route_table_association.Nat-Gateway-RT-Association-subnet",
            "module.vpc.aws_route_table_association.Nat-Gateway-RT-Association-subnet2",
            "module.vpc.aws_route_table_association.subnet_route",
            "module.vpc.aws_route_table_association.subnet_route2",
            "module.vpc.aws_security_group.security_group",
            "module.vpc.aws_subnet.subnet",
            "module.vpc.aws_subnet.subnet2",
            "module.vpc.aws_subnet.subnet3",
            "module.vpc.aws_subnet.subnet4",
            "module.vpc.aws_vpc.main"
          ]
        }
      ]
    },
    {
      "module": "module.api_gateway",
      "mode": "managed",
      "type": "aws_api_gateway_deployment",
      "name": "test",
      "provider": "provider[\"registry.terraform.io/hashicorp/aws\"]",
      "instances": [
        {
          "schema_version": 0,
          "attributes": {
            "created_date": "2024-04-28T17:58:20Z",
            "description": "",
            "execution_arn": "arn:aws:execute-api:us-west-2:656554891976:bjjoto3z3f/test",
            "id": "pfm7yt",
            "invoke_url": "https://bjjoto3z3f.execute-api.us-west-2.amazonaws.com/test",
            "rest_api_id": "bjjoto3z3f",
            "stage_description": null,
            "stage_name": "test",
            "triggers": {
              "redeployment": "2e94765f7530b18bcfe275fcda560a35d7d31f2e"
            },
            "variables": null
          },
          "sensitive_attributes": [],
          "private": "bnVsbA==",
          "dependencies": [
            "module.alb.aws_lb.ecs_alb",
            "module.alb.aws_lb_listener.ecs_alb_listener",
            "module.alb.aws_lb_target_group.ecs_tg",
            "module.api_gateway.aws_api_gateway_authorizer.api_authorizer",
            "module.api_gateway.aws_api_gateway_method.check_in_api_method",
            "module.api_gateway.aws_api_gateway_resource.check_in_resource",
            "module.api_gateway.aws_api_gateway_rest_api.rest_api",
            "module.api_gateway.aws_cognito_user_pool.royal_user_pool",
            "module.vpc.aws_eip.Nat-Gateway-EIP",
            "module.vpc.aws_internet_gateway.internet_gateway",
            "module.vpc.aws_nat_gateway.ECS-nat",
            "module.vpc.aws_route_table.NAT-Gateway-RT",
            "module.vpc.aws_route_table.route_table",
            "module.vpc.aws_route_table_association.Nat-Gateway-RT-Association-subnet",
            "module.vpc.aws_route_table_association.Nat-Gateway-RT-Association-subnet2",
            "module.vpc.aws_route_table_association.subnet_route",
            "module.vpc.aws_route_table_association.subnet_route2",
            "module.vpc.aws_security_group.security_group",
            "module.vpc.aws_subnet.subnet",
            "module.vpc.aws_subnet.subnet2",
            "module.vpc.aws_subnet.subnet3",
            "module.vpc.aws_subnet.subnet4",
            "module.vpc.aws_vpc.main"
          ]
        }
      ]
    },
    {
      "module": "module.api_gateway",
      "mode": "managed",
      "type": "aws_api_gateway_integration",
      "name": "check_in_api_integration",
      "provider": "provider[\"registry.terraform.io/hashicorp/aws\"]",
      "instances": [
        {
          "schema_version": 0,
          "attributes": {
            "cache_key_parameters": [],
            "cache_namespace": "w9uom2",
            "connection_id": "",
            "connection_type": "INTERNET",
            "content_handling": "",
            "credentials": "",
            "http_method": "GET",
            "id": "agi-bjjoto3z3f-w9uom2-GET",
            "integration_http_method": "GET",
            "passthrough_behavior": "WHEN_NO_MATCH",
            "request_parameters": {},
            "request_templates": {},
            "resource_id": "w9uom2",
            "rest_api_id": "bjjoto3z3f",
            "timeout_milliseconds": 29000,
            "tls_config": [],
            "type": "HTTP",
            "uri": "http://ecs-alb-861034055.us-west-2.elb.amazonaws.com"
          },
          "sensitive_attributes": [],
          "private": "bnVsbA==",
          "dependencies": [
            "module.alb.aws_lb.ecs_alb",
            "module.alb.aws_lb_listener.ecs_alb_listener",
            "module.alb.aws_lb_target_group.ecs_tg",
            "module.api_gateway.aws_api_gateway_authorizer.api_authorizer",
            "module.api_gateway.aws_api_gateway_method.check_in_api_method",
            "module.api_gateway.aws_api_gateway_resource.check_in_resource",
            "module.api_gateway.aws_api_gateway_rest_api.rest_api",
            "module.api_gateway.aws_cognito_user_pool.royal_user_pool",
            "module.vpc.aws_eip.Nat-Gateway-EIP",
            "module.vpc.aws_internet_gateway.internet_gateway",
            "module.vpc.aws_nat_gateway.ECS-nat",
            "module.vpc.aws_route_table.NAT-Gateway-RT",
            "module.vpc.aws_route_table.route_table",
            "module.vpc.aws_route_table_association.Nat-Gateway-RT-Association-subnet",
            "module.vpc.aws_route_table_association.Nat-Gateway-RT-Association-subnet2",
            "module.vpc.aws_route_table_association.subnet_route",
            "module.vpc.aws_route_table_association.subnet_route2",
            "module.vpc.aws_security_group.security_group",
            "module.vpc.aws_subnet.subnet",
            "module.vpc.aws_subnet.subnet2",
            "module.vpc.aws_subnet.subnet3",
            "module.vpc.aws_subnet.subnet4",
            "module.vpc.aws_vpc.main"
          ]
        }
      ]
    },
    {
      "module": "module.api_gateway",
      "mode": "managed",
      "type": "aws_api_gateway_integration_response",
      "name": "integration_response",
      "provider": "provider[\"registry.terraform.io/hashicorp/aws\"]",
      "instances": [
        {
          "schema_version": 0,
          "attributes": {
            "content_handling": "",
            "http_method": "GET",
            "id": "agir-bjjoto3z3f-w9uom2-GET-200",
            "resource_id": "w9uom2",
            "response_parameters": {},
            "response_templates": {},
            "rest_api_id": "bjjoto3z3f",
            "selection_pattern": "",
            "status_code": "200"
          },
          "sensitive_attributes": [],
          "private": "bnVsbA==",
          "dependencies": [
            "module.alb.aws_lb.ecs_alb",
            "module.alb.aws_lb_listener.ecs_alb_listener",
            "module.alb.aws_lb_target_group.ecs_tg",
            "module.api_gateway.aws_api_gateway_authorizer.api_authorizer",
            "module.api_gateway.aws_api_gateway_method.check_in_api_method",
            "module.api_gateway.aws_api_gateway_resource.check_in_resource",
            "module.api_gateway.aws_api_gateway_rest_api.rest_api",
            "module.api_gateway.aws_cognito_user_pool.royal_user_pool",
            "module.vpc.aws_eip.Nat-Gateway-EIP",
            "module.vpc.aws_internet_gateway.internet_gateway",
            "module.vpc.aws_nat_gateway.ECS-nat",
            "module.vpc.aws_route_table.NAT-Gateway-RT",
            "module.vpc.aws_route_table.route_table",
            "module.vpc.aws_route_table_association.Nat-Gateway-RT-Association-subnet",
            "module.vpc.aws_route_table_association.Nat-Gateway-RT-Association-subnet2",
            "module.vpc.aws_route_table_association.subnet_route",
            "module.vpc.aws_route_table_association.subnet_route2",
            "module.vpc.aws_security_group.security_group",
            "module.vpc.aws_subnet.subnet",
            "module.vpc.aws_subnet.subnet2",
            "module.vpc.aws_subnet.subnet3",
            "module.vpc.aws_subnet.subnet4",
            "module.vpc.aws_vpc.main"
          ]
        }
      ]
    },
    {
      "module": "module.api_gateway",
      "mode": "managed",
      "type": "aws_api_gateway_method",
      "name": "check_in_api_method",
      "provider": "provider[\"registry.terraform.io/hashicorp/aws\"]",
      "instances": [
        {
          "schema_version": 0,
          "attributes": {
            "api_key_required": false,
            "authorization": "COGNITO_USER_POOLS",
            "authorization_scopes": [],
            "authorizer_id": "lqtmjc",
            "http_method": "GET",
            "id": "agm-bjjoto3z3f-w9uom2-GET",
            "operation_name": "",
            "request_models": {},
            "request_parameters": {},
            "request_validator_id": "",
            "resource_id": "w9uom2",
            "rest_api_id": "bjjoto3z3f"
          },
          "sensitive_attributes": [],
          "private": "bnVsbA==",
          "dependencies": [
            "module.alb.aws_lb.ecs_alb",
            "module.alb.aws_lb_listener.ecs_alb_listener",
            "module.alb.aws_lb_target_group.ecs_tg",
            "module.api_gateway.aws_api_gateway_authorizer.api_authorizer",
            "module.api_gateway.aws_api_gateway_resource.check_in_resource",
            "module.api_gateway.aws_api_gateway_rest_api.rest_api",
            "module.api_gateway.aws_cognito_user_pool.royal_user_pool",
            "module.vpc.aws_eip.Nat-Gateway-EIP",
            "module.vpc.aws_internet_gateway.internet_gateway",
            "module.vpc.aws_nat_gateway.ECS-nat",
            "module.vpc.aws_route_table.NAT-Gateway-RT",
            "module.vpc.aws_route_table.route_table",
            "module.vpc.aws_route_table_association.Nat-Gateway-RT-Association-subnet",
            "module.vpc.aws_route_table_association.Nat-Gateway-RT-Association-subnet2",
            "module.vpc.aws_route_table_association.subnet_route",
            "module.vpc.aws_route_table_association.subnet_route2",
            "module.vpc.aws_security_group.security_group",
            "module.vpc.aws_subnet.subnet",
            "module.vpc.aws_subnet.subnet2",
            "module.vpc.aws_subnet.subnet3",
            "module.vpc.aws_subnet.subnet4",
            "module.vpc.aws_vpc.main"
          ]
        }
      ]
    },
    {
      "module": "module.api_gateway",
      "mode": "managed",
      "type": "aws_api_gateway_method_response",
      "name": "check_in_method_response",
      "provider": "provider[\"registry.terraform.io/hashicorp/aws\"]",
      "instances": [
        {
          "index_key": "200",
          "schema_version": 0,
          "attributes": {
            "http_method": "GET",
            "id": "agmr-bjjoto3z3f-w9uom2-GET-200",
            "resource_id": "w9uom2",
            "response_models": {},
            "response_parameters": {},
            "rest_api_id": "bjjoto3z3f",
            "status_code": "200"
          },
          "sensitive_attributes": [],
          "private": "bnVsbA==",
          "dependencies": [
            "module.alb.aws_lb.ecs_alb",
            "module.alb.aws_lb_listener.ecs_alb_listener",
            "module.alb.aws_lb_target_group.ecs_tg",
            "module.api_gateway.aws_api_gateway_authorizer.api_authorizer",
            "module.api_gateway.aws_api_gateway_method.check_in_api_method",
            "module.api_gateway.aws_api_gateway_resource.check_in_resource",
            "module.api_gateway.aws_api_gateway_rest_api.rest_api",
            "module.api_gateway.aws_cognito_user_pool.royal_user_pool",
            "module.vpc.aws_eip.Nat-Gateway-EIP",
            "module.vpc.aws_internet_gateway.internet_gateway",
            "module.vpc.aws_nat_gateway.ECS-nat",
            "module.vpc.aws_route_table.NAT-Gateway-RT",
            "module.vpc.aws_route_table.route_table",
            "module.vpc.aws_route_table_association.Nat-Gateway-RT-Association-subnet",
            "module.vpc.aws_route_table_association.Nat-Gateway-RT-Association-subnet2",
            "module.vpc.aws_route_table_association.subnet_route",
            "module.vpc.aws_route_table_association.subnet_route2",
            "module.vpc.aws_security_group.security_group",
            "module.vpc.aws_subnet.subnet",
            "module.vpc.aws_subnet.subnet2",
            "module.vpc.aws_subnet.subnet3",
            "module.vpc.aws_subnet.subnet4",
            "module.vpc.aws_vpc.main"
          ]
        },
        {
          "index_key": "300",
          "schema_version": 0,
          "attributes": {
            "http_method": "GET",
            "id": "agmr-bjjoto3z3f-w9uom2-GET-300",
            "resource_id": "w9uom2",
            "response_models": {},
            "response_parameters": {},
            "rest_api_id": "bjjoto3z3f",
            "status_code": "300"
          },
          "sensitive_attributes": [],
          "private": "bnVsbA==",
          "dependencies": [
            "module.alb.aws_lb.ecs_alb",
            "module.alb.aws_lb_listener.ecs_alb_listener",
            "module.alb.aws_lb_target_group.ecs_tg",
            "module.api_gateway.aws_api_gateway_authorizer.api_authorizer",
            "module.api_gateway.aws_api_gateway_method.check_in_api_method",
            "module.api_gateway.aws_api_gateway_resource.check_in_resource",
            "module.api_gateway.aws_api_gateway_rest_api.rest_api",
            "module.api_gateway.aws_cognito_user_pool.royal_user_pool",
            "module.vpc.aws_eip.Nat-Gateway-EIP",
            "module.vpc.aws_internet_gateway.internet_gateway",
            "module.vpc.aws_nat_gateway.ECS-nat",
            "module.vpc.aws_route_table.NAT-Gateway-RT",
            "module.vpc.aws_route_table.route_table",
            "module.vpc.aws_route_table_association.Nat-Gateway-RT-Association-subnet",
            "module.vpc.aws_route_table_association.Nat-Gateway-RT-Association-subnet2",
            "module.vpc.aws_route_table_association.subnet_route",
            "module.vpc.aws_route_table_association.subnet_route2",
            "module.vpc.aws_security_group.security_group",
            "module.vpc.aws_subnet.subnet",
            "module.vpc.aws_subnet.subnet2",
            "module.vpc.aws_subnet.subnet3",
            "module.vpc.aws_subnet.subnet4",
            "module.vpc.aws_vpc.main"
          ]
        },
        {
          "index_key": "400",
          "schema_version": 0,
          "attributes": {
            "http_method": "GET",
            "id": "agmr-bjjoto3z3f-w9uom2-GET-400",
            "resource_id": "w9uom2",
            "response_models": {},
            "response_parameters": {},
            "rest_api_id": "bjjoto3z3f",
            "status_code": "400"
          },
          "sensitive_attributes": [],
          "private": "bnVsbA==",
          "dependencies": [
            "module.alb.aws_lb.ecs_alb",
            "module.alb.aws_lb_listener.ecs_alb_listener",
            "module.alb.aws_lb_target_group.ecs_tg",
            "module.api_gateway.aws_api_gateway_authorizer.api_authorizer",
            "module.api_gateway.aws_api_gateway_method.check_in_api_method",
            "module.api_gateway.aws_api_gateway_resource.check_in_resource",
            "module.api_gateway.aws_api_gateway_rest_api.rest_api",
            "module.api_gateway.aws_cognito_user_pool.royal_user_pool",
            "module.vpc.aws_eip.Nat-Gateway-EIP",
            "module.vpc.aws_internet_gateway.internet_gateway",
            "module.vpc.aws_nat_gateway.ECS-nat",
            "module.vpc.aws_route_table.NAT-Gateway-RT",
            "module.vpc.aws_route_table.route_table",
            "module.vpc.aws_route_table_association.Nat-Gateway-RT-Association-subnet",
            "module.vpc.aws_route_table_association.Nat-Gateway-RT-Association-subnet2",
            "module.vpc.aws_route_table_association.subnet_route",
            "module.vpc.aws_route_table_association.subnet_route2",
            "module.vpc.aws_security_group.security_group",
            "module.vpc.aws_subnet.subnet",
            "module.vpc.aws_subnet.subnet2",
            "module.vpc.aws_subnet.subnet3",
            "module.vpc.aws_subnet.subnet4",
            "module.vpc.aws_vpc.main"
          ]
        },
        {
          "index_key": "500",
          "schema_version": 0,
          "attributes": {
            "http_method": "GET",
            "id": "agmr-bjjoto3z3f-w9uom2-GET-500",
            "resource_id": "w9uom2",
            "response_models": {},
            "response_parameters": {},
            "rest_api_id": "bjjoto3z3f",
            "status_code": "500"
          },
          "sensitive_attributes": [],
          "private": "bnVsbA==",
          "dependencies": [
            "module.alb.aws_lb.ecs_alb",
            "module.alb.aws_lb_listener.ecs_alb_listener",
            "module.alb.aws_lb_target_group.ecs_tg",
            "module.api_gateway.aws_api_gateway_authorizer.api_authorizer",
            "module.api_gateway.aws_api_gateway_method.check_in_api_method",
            "module.api_gateway.aws_api_gateway_resource.check_in_resource",
            "module.api_gateway.aws_api_gateway_rest_api.rest_api",
            "module.api_gateway.aws_cognito_user_pool.royal_user_pool",
            "module.vpc.aws_eip.Nat-Gateway-EIP",
            "module.vpc.aws_internet_gateway.internet_gateway",
            "module.vpc.aws_nat_gateway.ECS-nat",
            "module.vpc.aws_route_table.NAT-Gateway-RT",
            "module.vpc.aws_route_table.route_table",
            "module.vpc.aws_route_table_association.Nat-Gateway-RT-Association-subnet",
            "module.vpc.aws_route_table_association.Nat-Gateway-RT-Association-subnet2",
            "module.vpc.aws_route_table_association.subnet_route",
            "module.vpc.aws_route_table_association.subnet_route2",
            "module.vpc.aws_security_group.security_group",
            "module.vpc.aws_subnet.subnet",
            "module.vpc.aws_subnet.subnet2",
            "module.vpc.aws_subnet.subnet3",
            "module.vpc.aws_subnet.subnet4",
            "module.vpc.aws_vpc.main"
          ]
        }
      ]
    },
    {
      "module": "module.api_gateway",
      "mode": "managed",
      "type": "aws_api_gateway_resource",
      "name": "check_in_resource",
      "provider": "provider[\"registry.terraform.io/hashicorp/aws\"]",
      "instances": [
        {
          "schema_version": 0,
          "attributes": {
            "id": "w9uom2",
            "parent_id": "zhbtn4g8oe",
            "path": "/check-in",
            "path_part": "check-in",
            "rest_api_id": "bjjoto3z3f"
          },
          "sensitive_attributes": [],
          "private": "bnVsbA==",
          "dependencies": [
            "module.alb.aws_lb.ecs_alb",
            "module.alb.aws_lb_listener.ecs_alb_listener",
            "module.alb.aws_lb_target_group.ecs_tg",
            "module.api_gateway.aws_api_gateway_rest_api.rest_api",
            "module.vpc.aws_eip.Nat-Gateway-EIP",
            "module.vpc.aws_internet_gateway.internet_gateway",
            "module.vpc.aws_nat_gateway.ECS-nat",
            "module.vpc.aws_route_table.NAT-Gateway-RT",
            "module.vpc.aws_route_table.route_table",
            "module.vpc.aws_route_table_association.Nat-Gateway-RT-Association-subnet",
            "module.vpc.aws_route_table_association.Nat-Gateway-RT-Association-subnet2",
            "module.vpc.aws_route_table_association.subnet_route",
            "module.vpc.aws_route_table_association.subnet_route2",
            "module.vpc.aws_security_group.security_group",
            "module.vpc.aws_subnet.subnet",
            "module.vpc.aws_subnet.subnet2",
            "module.vpc.aws_subnet.subnet3",
            "module.vpc.aws_subnet.subnet4",
            "module.vpc.aws_vpc.main"
          ]
        }
      ]
    },
    {
      "module": "module.api_gateway",
      "mode": "managed",
      "type": "aws_api_gateway_rest_api",
      "name": "rest_api",
      "provider": "provider[\"registry.terraform.io/hashicorp/aws\"]",
      "instances": [
        {
          "schema_version": 0,
          "attributes": {
            "api_key_source": "HEADER",
            "arn": "arn:aws:apigateway:us-west-2::/restapis/bjjoto3z3f",
            "binary_media_types": [
              "*"
            ],
            "body": null,
            "created_date": "2024-04-28T17:58:18Z",
            "description": "Royal API Gateway",
            "disable_execute_api_endpoint": false,
            "endpoint_configuration": [
              {
                "types": [
                  "EDGE"
                ],
                "vpc_endpoint_ids": []
              }
            ],
            "execution_arn": "arn:aws:execute-api:us-west-2:656554891976:bjjoto3z3f",
            "fail_on_warnings": null,
            "id": "bjjoto3z3f",
            "minimum_compression_size": -1,
            "name": "royal-api",
            "parameters": null,
            "policy": "",
            "put_rest_api_mode": null,
            "root_resource_id": "zhbtn4g8oe",
            "tags": {},
            "tags_all": {}
          },
          "sensitive_attributes": [],
          "private": "bnVsbA==",
          "dependencies": [
            "module.alb.aws_lb.ecs_alb",
            "module.alb.aws_lb_listener.ecs_alb_listener",
            "module.alb.aws_lb_target_group.ecs_tg",
            "module.vpc.aws_eip.Nat-Gateway-EIP",
            "module.vpc.aws_internet_gateway.internet_gateway",
            "module.vpc.aws_nat_gateway.ECS-nat",
            "module.vpc.aws_route_table.NAT-Gateway-RT",
            "module.vpc.aws_route_table.route_table",
            "module.vpc.aws_route_table_association.Nat-Gateway-RT-Association-subnet",
            "module.vpc.aws_route_table_association.Nat-Gateway-RT-Association-subnet2",
            "module.vpc.aws_route_table_association.subnet_route",
            "module.vpc.aws_route_table_association.subnet_route2",
            "module.vpc.aws_security_group.security_group",
            "module.vpc.aws_subnet.subnet",
            "module.vpc.aws_subnet.subnet2",
            "module.vpc.aws_subnet.subnet3",
            "module.vpc.aws_subnet.subnet4",
            "module.vpc.aws_vpc.main"
          ]
        }
      ]
    },
    {
      "module": "module.api_gateway",
      "mode": "managed",
      "type": "aws_cognito_user_pool",
      "name": "royal_user_pool",
      "provider": "provider[\"registry.terraform.io/hashicorp/aws\"]",
      "instances": [
        {
          "schema_version": 0,
          "attributes": {
            "account_recovery_setting": [
              {
                "recovery_mechanism": [
                  {
                    "name": "verified_email",
                    "priority": 1
                  },
                  {
                    "name": "verified_phone_number",
                    "priority": 2
                  }
                ]
              }
            ],
            "admin_create_user_config": [
              {
                "allow_admin_create_user_only": false,
                "invite_message_template": []
              }
            ],
            "alias_attributes": [
              "email"
            ],
            "arn": "arn:aws:cognito-idp:us-west-2:656554891976:userpool/us-west-2_VnHNmVynb",
            "auto_verified_attributes": [
              "email"
            ],
            "creation_date": "2024-04-28T17:58:18Z",
            "custom_domain": "",
            "deletion_protection": "INACTIVE",
            "device_configuration": [],
            "domain": "",
            "email_configuration": [
              {
                "configuration_set": "",
                "email_sending_account": "COGNITO_DEFAULT",
                "from_email_address": "",
                "reply_to_email_address": "",
                "source_arn": ""
              }
            ],
            "email_verification_message": "Please use the following code: {####}",
            "email_verification_subject": "Your Verification Code",
            "endpoint": "cognito-idp.us-west-2.amazonaws.com/us-west-2_VnHNmVynb",
            "estimated_number_of_users": 1,
            "id": "us-west-2_VnHNmVynb",
            "lambda_config": [],
            "last_modified_date": "2024-04-28T19:08:01Z",
            "mfa_configuration": "OFF",
            "name": "royalUserPool",
            "password_policy": [
              {
                "minimum_length": 6,
                "require_lowercase": true,
                "require_numbers": true,
                "require_symbols": true,
                "require_uppercase": true,
                "temporary_password_validity_days": 7
              }
            ],
            "schema": [
              {
                "attribute_data_type": "String",
                "developer_only_attribute": false,
                "mutable": true,
                "name": "email",
                "number_attribute_constraints": [],
                "required": true,
                "string_attribute_constraints": [
                  {
                    "max_length": "256",
                    "min_length": "7"
                  }
                ]
              },
              {
                "attribute_data_type": "String",
                "developer_only_attribute": false,
                "mutable": true,
                "name": "name",
                "number_attribute_constraints": [],
                "required": true,
                "string_attribute_constraints": [
                  {
                    "max_length": "256",
                    "min_length": "3"
                  }
                ]
              }
            ],
            "sms_authentication_message": "",
            "sms_configuration": [],
            "sms_verification_message": "",
            "software_token_mfa_configuration": [],
            "tags": {},
            "tags_all": {},
            "user_attribute_update_settings": [],
            "user_pool_add_ons": [],
            "username_attributes": [],
            "username_configuration": [
              {
                "case_sensitive": false
              }
            ],
            "verification_message_template": [
              {
                "default_email_option": "CONFIRM_WITH_CODE",
                "email_message": "Please use the following code: {####}",
                "email_message_by_link": "",
                "email_subject": "Your Verification Code",
                "email_subject_by_link": "",
                "sms_message": ""
              }
            ]
          },
          "sensitive_attributes": [],
          "private": "bnVsbA==",
          "dependencies": [
            "module.alb.aws_lb.ecs_alb",
            "module.alb.aws_lb_listener.ecs_alb_listener",
            "module.alb.aws_lb_target_group.ecs_tg",
            "module.vpc.aws_eip.Nat-Gateway-EIP",
            "module.vpc.aws_internet_gateway.internet_gateway",
            "module.vpc.aws_nat_gateway.ECS-nat",
            "module.vpc.aws_route_table.NAT-Gateway-RT",
            "module.vpc.aws_route_table.route_table",
            "module.vpc.aws_route_table_association.Nat-Gateway-RT-Association-subnet",
            "module.vpc.aws_route_table_association.Nat-Gateway-RT-Association-subnet2",
            "module.vpc.aws_route_table_association.subnet_route",
            "module.vpc.aws_route_table_association.subnet_route2",
            "module.vpc.aws_security_group.security_group",
            "module.vpc.aws_subnet.subnet",
            "module.vpc.aws_subnet.subnet2",
            "module.vpc.aws_subnet.subnet3",
            "module.vpc.aws_subnet.subnet4",
            "module.vpc.aws_vpc.main"
          ]
        }
      ]
    },
    {
      "module": "module.api_gateway",
      "mode": "managed",
      "type": "aws_cognito_user_pool_client",
      "name": "royal_user_pool_client",
      "provider": "provider[\"registry.terraform.io/hashicorp/aws\"]",
      "instances": [
        {
          "schema_version": 0,
          "attributes": {
            "access_token_validity": 0,
            "allowed_oauth_flows": [],
            "allowed_oauth_flows_user_pool_client": false,
            "allowed_oauth_scopes": [],
            "analytics_configuration": [],
            "auth_session_validity": 3,
            "callback_urls": [],
            "client_secret": "",
            "default_redirect_uri": "",
            "enable_propagate_additional_user_context_data": false,
            "enable_token_revocation": true,
            "explicit_auth_flows": [
              "ALLOW_REFRESH_TOKEN_AUTH",
              "ALLOW_USER_PASSWORD_AUTH"
            ],
            "generate_secret": null,
            "id": "17h47l8r8eh52knddenalg7311",
            "id_token_validity": 0,
            "logout_urls": [],
            "name": "royalUserPoolClient",
            "prevent_user_existence_errors": "",
            "read_attributes": [],
            "refresh_token_validity": 30,
            "supported_identity_providers": [],
            "token_validity_units": [],
            "user_pool_id": "us-west-2_VnHNmVynb",
            "write_attributes": []
          },
          "sensitive_attributes": [],
          "dependencies": [
            "module.alb.aws_lb.ecs_alb",
            "module.alb.aws_lb_listener.ecs_alb_listener",
            "module.alb.aws_lb_target_group.ecs_tg",
            "module.api_gateway.aws_cognito_user_pool.royal_user_pool",
            "module.vpc.aws_eip.Nat-Gateway-EIP",
            "module.vpc.aws_internet_gateway.internet_gateway",
            "module.vpc.aws_nat_gateway.ECS-nat",
            "module.vpc.aws_route_table.NAT-Gateway-RT",
            "module.vpc.aws_route_table.route_table",
            "module.vpc.aws_route_table_association.Nat-Gateway-RT-Association-subnet",
            "module.vpc.aws_route_table_association.Nat-Gateway-RT-Association-subnet2",
            "module.vpc.aws_route_table_association.subnet_route",
            "module.vpc.aws_route_table_association.subnet_route2",
            "module.vpc.aws_security_group.security_group",
            "module.vpc.aws_subnet.subnet",
            "module.vpc.aws_subnet.subnet2",
            "module.vpc.aws_subnet.subnet3",
            "module.vpc.aws_subnet.subnet4",
            "module.vpc.aws_vpc.main"
          ]
        }
      ]
    },
    {
      "module": "module.ecs",
      "mode": "managed",
      "type": "aws_ecs_cluster",
      "name": "ecs_cluster",
      "provider": "provider[\"registry.terraform.io/hashicorp/aws\"]",
      "instances": [
        {
          "schema_version": 0,
          "attributes": {
            "arn": "arn:aws:ecs:us-west-2:656554891976:cluster/white-hart",
            "capacity_providers": [],
            "configuration": [],
            "default_capacity_provider_strategy": [],
            "id": "arn:aws:ecs:us-west-2:656554891976:cluster/white-hart",
            "name": "white-hart",
            "service_connect_defaults": [],
            "setting": [
              {
                "name": "containerInsights",
                "value": "disabled"
              }
            ],
            "tags": {},
            "tags_all": {}
          },
          "sensitive_attributes": [],
          "private": "bnVsbA==",
          "dependencies": [
            "module.alb.aws_lb.ecs_alb",
            "module.alb.aws_lb_listener.ecs_alb_listener",
            "module.alb.aws_lb_target_group.ecs_tg",
            "module.vpc.aws_eip.Nat-Gateway-EIP",
            "module.vpc.aws_internet_gateway.internet_gateway",
            "module.vpc.aws_nat_gateway.ECS-nat",
            "module.vpc.aws_route_table.NAT-Gateway-RT",
            "module.vpc.aws_route_table.route_table",
            "module.vpc.aws_route_table_association.Nat-Gateway-RT-Association-subnet",
            "module.vpc.aws_route_table_association.Nat-Gateway-RT-Association-subnet2",
            "module.vpc.aws_route_table_association.subnet_route",
            "module.vpc.aws_route_table_association.subnet_route2",
            "module.vpc.aws_security_group.security_group",
            "module.vpc.aws_subnet.subnet",
            "module.vpc.aws_subnet.subnet2",
            "module.vpc.aws_subnet.subnet3",
            "module.vpc.aws_subnet.subnet4",
            "module.vpc.aws_vpc.main"
          ]
        }
      ]
    },
    {
      "module": "module.ecs",
      "mode": "managed",
      "type": "aws_ecs_service",
      "name": "nodeapp",
      "provider": "provider[\"registry.terraform.io/hashicorp/aws\"]",
      "instances": [
        {
          "schema_version": 0,
          "attributes": {
            "alarms": [],
            "capacity_provider_strategy": [],
            "cluster": "arn:aws:ecs:us-west-2:656554891976:cluster/white-hart",
            "deployment_circuit_breaker": [
              {
                "enable": false,
                "rollback": false
              }
            ],
            "deployment_controller": [
              {
                "type": "ECS"
              }
            ],
            "deployment_maximum_percent": 600,
            "deployment_minimum_healthy_percent": 10,
            "desired_count": 3,
            "enable_ecs_managed_tags": false,
            "enable_execute_command": false,
            "force_new_deployment": true,
            "health_check_grace_period_seconds": 0,
            "iam_role": "/aws-service-role/ecs.amazonaws.com/AWSServiceRoleForECS",
            "id": "arn:aws:ecs:us-west-2:656554891976:service/white-hart/nodeapp",
            "launch_type": "FARGATE",
            "load_balancer": [
              {
                "container_name": "nodeapp",
                "container_port": 3000,
                "elb_name": "",
                "target_group_arn": "arn:aws:elasticloadbalancing:us-west-2:656554891976:targetgroup/ecs-target-group/47fb465cfe4c841c"
              }
            ],
            "name": "nodeapp",
            "network_configuration": [
              {
                "assign_public_ip": false,
                "security_groups": [
                  "sg-0eb054560f935b718"
                ],
                "subnets": [
                  "subnet-089a4c848c11eb381",
                  "subnet-0951b569fd29ca27c"
                ]
              }
            ],
            "ordered_placement_strategy": [],
            "placement_constraints": [],
            "platform_version": "LATEST",
            "propagate_tags": "NONE",
            "scheduling_strategy": "REPLICA",
            "service_connect_configuration": [],
            "service_registries": [],
            "tags": {},
            "tags_all": {},
            "task_definition": "arn:aws:ecs:us-west-2:656554891976:task-definition/nodeapp:8",
            "timeouts": null,
            "triggers": {},
            "wait_for_steady_state": false
          },
          "sensitive_attributes": [],
          "private": "eyJlMmJmYjczMC1lY2FhLTExZTYtOGY4OC0zNDM2M2JjN2M0YzAiOnsiY3JlYXRlIjoxMjAwMDAwMDAwMDAwLCJkZWxldGUiOjEyMDAwMDAwMDAwMDAsInVwZGF0ZSI6MTIwMDAwMDAwMDAwMH19",
          "dependencies": [
            "module.alb.aws_lb.ecs_alb",
            "module.alb.aws_lb_listener.ecs_alb_listener",
            "module.alb.aws_lb_target_group.ecs_tg",
            "module.ecs.aws_ecs_cluster.ecs_cluster",
            "module.vpc.aws_eip.Nat-Gateway-EIP",
            "module.vpc.aws_internet_gateway.internet_gateway",
            "module.vpc.aws_nat_gateway.ECS-nat",
            "module.vpc.aws_route_table.NAT-Gateway-RT",
            "module.vpc.aws_route_table.route_table",
            "module.vpc.aws_route_table_association.Nat-Gateway-RT-Association-subnet",
            "module.vpc.aws_route_table_association.Nat-Gateway-RT-Association-subnet2",
            "module.vpc.aws_route_table_association.subnet_route",
            "module.vpc.aws_route_table_association.subnet_route2",
            "module.vpc.aws_security_group.security_group",
            "module.vpc.aws_subnet.subnet",
            "module.vpc.aws_subnet.subnet2",
            "module.vpc.aws_subnet.subnet3",
            "module.vpc.aws_subnet.subnet4",
            "module.vpc.aws_vpc.main"
          ]
        }
      ]
    },
    {
      "module": "module.eventbridge",
      "mode": "data",
      "type": "template_file",
      "name": "image_push_event",
      "provider": "provider[\"registry.terraform.io/hashicorp/template\"]",
      "instances": [
        {
          "schema_version": 0,
          "attributes": {
            "filename": null,
            "id": "b639864b5b64837f8815b25e51b51124a86b77ebff221e0de5f4ce7a586c9190",
            "rendered": "{\n  \"source\": [\"aws.ecr\"],\n  \"detail-type\": [\"ECR Image Action\"],\n  \"detail\": {\n    \"action-type\": [\"PUSH\"],\n    \"result\": [\"SUCCESS\"],\n    \"repository-name\": [\"myrepo\"],\n    \"image-tag\": [\"latest\"]\n  }\n}\n",
            "template": "{\n  \"source\": [\"aws.ecr\"],\n  \"detail-type\": [\"ECR Image Action\"],\n  \"detail\": {\n    \"action-type\": [\"PUSH\"],\n    \"result\": [\"SUCCESS\"],\n    \"repository-name\": [\"myrepo\"],\n    \"image-tag\": [\"latest\"]\n  }\n}\n",
            "vars": null
          },
          "sensitive_attributes": []
        }
      ]
    },
    {
      "module": "module.eventbridge",
      "mode": "managed",
      "type": "aws_cloudwatch_event_rule",
      "name": "image_push",
      "provider": "provider[\"registry.terraform.io/hashicorp/aws\"]",
      "instances": [
        {
          "schema_version": 0,
          "attributes": {
            "arn": "arn:aws:events:us-west-2:656554891976:rule/capture-image-push",
            "description": "Capture image push to ECR",
            "event_bus_name": "default",
            "event_pattern": "{\"detail\":{\"action-type\":[\"PUSH\"],\"image-tag\":[\"latest\"],\"repository-name\":[\"myrepo\"],\"result\":[\"SUCCESS\"]},\"detail-type\":[\"ECR Image Action\"],\"source\":[\"aws.ecr\"]}",
            "id": "capture-image-push",
            "is_enabled": true,
            "name": "capture-image-push",
            "name_prefix": "",
            "role_arn": "",
            "schedule_expression": "",
            "tags": {},
            "tags_all": {}
          },
          "sensitive_attributes": [],
          "private": "bnVsbA==",
          "dependencies": [
            "module.eventbridge.data.template_file.image_push_event"
          ]
        }
      ]
    },
    {
      "module": "module.lambda",
      "mode": "data",
      "type": "archive_file",
      "name": "code",
      "provider": "provider[\"registry.terraform.io/hashicorp/archive\"]",
      "instances": [
        {
          "schema_version": 0,
          "attributes": {
            "exclude_symlink_directories": null,
            "excludes": null,
            "id": "4236479da59a504f4dbe106651a8bd0cd15f0e08",
            "output_base64sha256": "PC5qo2wq1yrb9Eq9e1MyS7kyL7CKfR2T7+nzb9Dxf/w=",
            "output_base64sha512": "2/JG+reV35rOlwjd70zD+i8XTFDUJG38xPGy0NSXytL7pWS3nAPhfDj9sHqQDh2L4mp0I+HgDILcBzmJPlyhRg==",
            "output_file_mode": null,
            "output_md5": "ca1681161d818f322bc0d6010e1bb93e",
            "output_path": "modules/lambda/code.zip",
            "output_sha": "4236479da59a504f4dbe106651a8bd0cd15f0e08",
            "output_sha256": "3c2e6aa36c2ad72adbf44abd7b53324bb9322fb08a7d1d93efe9f36fd0f17ffc",
            "output_sha512": "dbf246fab795df9ace9708ddef4cc3fa2f174c50d4246dfcc4f1b2d0d497cad2fba564b79c03e17c38fdb07a900e1d8be26a7423e1e00c82dc0739893e5ca146",
            "output_size": 359,
            "source": [],
            "source_content": null,
            "source_content_filename": null,
            "source_dir": "modules/lambda/code/",
            "source_file": null,
            "type": "zip"
          },
          "sensitive_attributes": []
        }
      ]
    },
    {
      "module": "module.lambda",
      "mode": "managed",
      "type": "aws_lambda_function",
      "name": "test_lambda",
      "provider": "provider[\"registry.terraform.io/hashicorp/aws\"]",
      "instances": [
        {
          "schema_version": 0,
          "attributes": {
            "architectures": [
              "x86_64"
            ],
            "arn": "arn:aws:lambda:us-west-2:656554891976:function:redeploy_ecs",
            "code_signing_config_arn": "",
            "dead_letter_config": [],
            "description": "",
            "environment": [],
            "ephemeral_storage": [
              {
                "size": 512
              }
            ],
            "file_system_config": [],
            "filename": "modules/lambda/code.zip",
            "function_name": "redeploy_ecs",
            "handler": "code.lambda_handler",
            "id": "redeploy_ecs",
            "image_config": [],
            "image_uri": "",
            "invoke_arn": "arn:aws:apigateway:us-west-2:lambda:path/2015-03-31/functions/arn:aws:lambda:us-west-2:656554891976:function:redeploy_ecs/invocations",
            "kms_key_arn": "",
            "last_modified": "2024-04-28T17:58:17.899+0000",
            "layers": [],
            "memory_size": 128,
            "package_type": "Zip",
            "publish": false,
            "qualified_arn": "arn:aws:lambda:us-west-2:656554891976:function:redeploy_ecs:$LATEST",
            "qualified_invoke_arn": "arn:aws:apigateway:us-west-2:lambda:path/2015-03-31/functions/arn:aws:lambda:us-west-2:656554891976:function:redeploy_ecs:$LATEST/invocations",
            "replace_security_groups_on_destroy": null,
            "replacement_security_group_ids": null,
            "reserved_concurrent_executions": -1,
            "role": "arn:aws:iam::656554891976:role/deploy_service",
            "runtime": "python3.10",
            "s3_bucket": null,
            "s3_key": null,
            "s3_object_version": null,
            "signing_job_arn": "",
            "signing_profile_version_arn": "",
            "skip_destroy": false,
            "snap_start": [],
            "source_code_hash": "PC5qo2wq1yrb9Eq9e1MyS7kyL7CKfR2T7+nzb9Dxf/w=",
            "source_code_size": 359,
            "tags": {},
            "tags_all": {},
            "timeout": 3,
            "timeouts": null,
            "tracing_config": [
              {
                "mode": "PassThrough"
              }
            ],
            "version": "$LATEST",
            "vpc_config": []
          },
          "sensitive_attributes": [],
          "private": "eyJlMmJmYjczMC1lY2FhLTExZTYtOGY4OC0zNDM2M2JjN2M0YzAiOnsiY3JlYXRlIjo2MDAwMDAwMDAwMDAsImRlbGV0ZSI6NjAwMDAwMDAwMDAwLCJ1cGRhdGUiOjYwMDAwMDAwMDAwMH19",
          "dependencies": [
            "module.lambda.data.archive_file.code"
          ]
        }
      ]
    },
    {
      "module": "module.lambda_modify",
      "mode": "managed",
      "type": "aws_cloudwatch_event_target",
      "name": "lambda_redeploy",
      "provider": "provider[\"registry.terraform.io/hashicorp/aws\"]",
      "instances": [
        {
          "schema_version": 1,
          "attributes": {
            "arn": "arn:aws:lambda:us-west-2:656554891976:function:redeploy_ecs",
            "batch_target": [],
            "dead_letter_config": [],
            "ecs_target": [],
            "event_bus_name": "default",
            "http_target": [],
            "id": "capture-image-push-InvokeLambda",
            "input": "",
            "input_path": "",
            "input_transformer": [],
            "kinesis_target": [],
            "redshift_target": [],
            "retry_policy": [],
            "role_arn": "",
            "rule": "capture-image-push",
            "run_command_targets": [],
            "sqs_target": [],
            "target_id": "InvokeLambda"
          },
          "sensitive_attributes": [],
          "private": "eyJzY2hlbWFfdmVyc2lvbiI6IjEifQ==",
          "dependencies": [
            "module.eventbridge.aws_cloudwatch_event_rule.image_push",
            "module.eventbridge.data.template_file.image_push_event",
            "module.lambda.aws_lambda_function.test_lambda",
            "module.lambda.data.archive_file.code"
          ]
        }
      ]
    },
    {
      "module": "module.lambda_modify",
      "mode": "managed",
      "type": "aws_lambda_alias",
      "name": "test_alias",
      "provider": "provider[\"registry.terraform.io/hashicorp/aws\"]",
      "instances": [
        {
          "schema_version": 0,
          "attributes": {
            "arn": "arn:aws:lambda:us-west-2:656554891976:function:redeploy_ecs:testalias",
            "description": "a sample description",
            "function_name": "redeploy_ecs",
            "function_version": "$LATEST",
            "id": "arn:aws:lambda:us-west-2:656554891976:function:redeploy_ecs:testalias",
            "invoke_arn": "arn:aws:apigateway:us-west-2:lambda:path/2015-03-31/functions/arn:aws:lambda:us-west-2:656554891976:function:redeploy_ecs:testalias/invocations",
            "name": "testalias",
            "routing_config": []
          },
          "sensitive_attributes": [],
          "private": "bnVsbA==",
          "dependencies": [
            "module.eventbridge.aws_cloudwatch_event_rule.image_push",
            "module.eventbridge.data.template_file.image_push_event",
            "module.lambda.aws_lambda_function.test_lambda",
            "module.lambda.data.archive_file.code"
          ]
        }
      ]
    },
    {
      "module": "module.lambda_modify",
      "mode": "managed",
      "type": "aws_lambda_permission",
      "name": "allow_Eventbridge",
      "provider": "provider[\"registry.terraform.io/hashicorp/aws\"]",
      "instances": [
        {
          "schema_version": 0,
          "attributes": {
            "action": "lambda:InvokeFunction",
            "event_source_token": null,
            "function_name": "redeploy_ecs",
            "function_url_auth_type": null,
            "id": "AllowExecutionFromEventBridge",
            "principal": "events.amazonaws.com",
            "principal_org_id": null,
            "qualifier": "testalias",
            "source_account": null,
            "source_arn": "arn:aws:lambda:us-west-2:656554891976:function:redeploy_ecs",
            "statement_id": "AllowExecutionFromEventBridge",
            "statement_id_prefix": ""
          },
          "sensitive_attributes": [],
          "private": "bnVsbA==",
          "dependencies": [
            "module.eventbridge.aws_cloudwatch_event_rule.image_push",
            "module.eventbridge.data.template_file.image_push_event",
            "module.lambda.aws_lambda_function.test_lambda",
            "module.lambda.data.archive_file.code",
            "module.lambda_modify.aws_cloudwatch_event_target.lambda_redeploy",
            "module.lambda_modify.aws_lambda_alias.test_alias"
          ]
        }
      ]
    },
    {
      "module": "module.vpc",
      "mode": "managed",
      "type": "aws_eip",
      "name": "Nat-Gateway-EIP",
      "provider": "provider[\"registry.terraform.io/hashicorp/aws\"]",
      "instances": [
        {
          "schema_version": 0,
          "attributes": {
            "address": null,
            "allocation_id": "eipalloc-066a425a70d3d9e5f",
            "associate_with_private_ip": null,
            "association_id": "eipassoc-0a507f281e992ce37",
            "carrier_ip": "",
            "customer_owned_ip": "",
            "customer_owned_ipv4_pool": "",
            "domain": "vpc",
            "id": "eipalloc-066a425a70d3d9e5f",
            "instance": "",
            "network_border_group": "us-west-2",
            "network_interface": "eni-0822b6c0aed19d3ef",
            "private_dns": "ip-10-0-3-161.us-west-2.compute.internal",
            "private_ip": "10.0.3.161",
            "public_dns": "ec2-35-83-187-16.us-west-2.compute.amazonaws.com",
            "public_ip": "35.83.187.16",
            "public_ipv4_pool": "amazon",
            "tags": {},
            "tags_all": {},
            "timeouts": null,
            "vpc": true
          },
          "sensitive_attributes": [],
          "private": "eyJlMmJmYjczMC1lY2FhLTExZTYtOGY4OC0zNDM2M2JjN2M0YzAiOnsiZGVsZXRlIjoxODAwMDAwMDAwMDAsInJlYWQiOjkwMDAwMDAwMDAwMCwidXBkYXRlIjozMDAwMDAwMDAwMDB9fQ==",
          "dependencies": [
            "module.vpc.aws_internet_gateway.internet_gateway",
            "module.vpc.aws_route_table.route_table",
            "module.vpc.aws_route_table_association.subnet_route",
            "module.vpc.aws_subnet.subnet3",
            "module.vpc.aws_vpc.main"
          ]
        }
      ]
    },
    {
      "module": "module.vpc",
      "mode": "managed",
      "type": "aws_internet_gateway",
      "name": "internet_gateway",
      "provider": "provider[\"registry.terraform.io/hashicorp/aws\"]",
      "instances": [
        {
          "schema_version": 0,
          "attributes": {
            "arn": "arn:aws:ec2:us-west-2:656554891976:internet-gateway/igw-0c549ac071c1546db",
            "id": "igw-0c549ac071c1546db",
            "owner_id": "656554891976",
            "tags": {
              "Name": "internet_gateway"
            },
            "tags_all": {
              "Name": "internet_gateway"
            },
            "timeouts": null,
            "vpc_id": "vpc-0d027f4c6d4bcfdab"
          },
          "sensitive_attributes": [],
          "private": "eyJlMmJmYjczMC1lY2FhLTExZTYtOGY4OC0zNDM2M2JjN2M0YzAiOnsiY3JlYXRlIjoxMjAwMDAwMDAwMDAwLCJkZWxldGUiOjEyMDAwMDAwMDAwMDAsInVwZGF0ZSI6MTIwMDAwMDAwMDAwMH19",
          "dependencies": [
            "module.vpc.aws_vpc.main"
          ]
        }
      ]
    },
    {
      "module": "module.vpc",
      "mode": "managed",
      "type": "aws_nat_gateway",
      "name": "ECS-nat",
      "provider": "provider[\"registry.terraform.io/hashicorp/aws\"]",
      "instances": [
        {
          "schema_version": 0,
          "attributes": {
            "allocation_id": "eipalloc-066a425a70d3d9e5f",
            "association_id": "eipassoc-0a507f281e992ce37",
            "connectivity_type": "public",
            "id": "nat-09523201c122391eb",
            "network_interface_id": "eni-0822b6c0aed19d3ef",
            "private_ip": "10.0.3.161",
            "public_ip": "35.83.187.16",
            "subnet_id": "subnet-0accc3ca028988305",
            "tags": {},
            "tags_all": {}
          },
          "sensitive_attributes": [],
          "private": "bnVsbA==",
          "dependencies": [
            "module.vpc.aws_eip.Nat-Gateway-EIP",
            "module.vpc.aws_internet_gateway.internet_gateway",
            "module.vpc.aws_route_table.route_table",
            "module.vpc.aws_route_table_association.subnet_route",
            "module.vpc.aws_subnet.subnet3",
            "module.vpc.aws_vpc.main"
          ]
        }
      ]
    },
    {
      "module": "module.vpc",
      "mode": "managed",
      "type": "aws_route_table",
      "name": "NAT-Gateway-RT",
      "provider": "provider[\"registry.terraform.io/hashicorp/aws\"]",
      "instances": [
        {
          "schema_version": 0,
          "attributes": {
            "arn": "arn:aws:ec2:us-west-2:656554891976:route-table/rtb-0a97d51fa04587625",
            "id": "rtb-0a97d51fa04587625",
            "owner_id": "656554891976",
            "propagating_vgws": [],
            "route": [
              {
                "carrier_gateway_id": "",
                "cidr_block": "0.0.0.0/0",
                "core_network_arn": "",
                "destination_prefix_list_id": "",
                "egress_only_gateway_id": "",
                "gateway_id": "",
                "instance_id": "",
                "ipv6_cidr_block": "",
                "local_gateway_id": "",
                "nat_gateway_id": "nat-09523201c122391eb",
                "network_interface_id": "",
                "transit_gateway_id": "",
                "vpc_endpoint_id": "",
                "vpc_peering_connection_id": ""
              }
            ],
            "tags": {
              "Name": "Route Table for NAT Gateway"
            },
            "tags_all": {
              "Name": "Route Table for NAT Gateway"
            },
            "timeouts": null,
            "vpc_id": "vpc-0d027f4c6d4bcfdab"
          },
          "sensitive_attributes": [],
          "private": "eyJlMmJmYjczMC1lY2FhLTExZTYtOGY4OC0zNDM2M2JjN2M0YzAiOnsiY3JlYXRlIjozMDAwMDAwMDAwMDAsImRlbGV0ZSI6MzAwMDAwMDAwMDAwLCJ1cGRhdGUiOjEyMDAwMDAwMDAwMH19",
          "dependencies": [
            "module.vpc.aws_eip.Nat-Gateway-EIP",
            "module.vpc.aws_internet_gateway.internet_gateway",
            "module.vpc.aws_nat_gateway.ECS-nat",
            "module.vpc.aws_route_table.route_table",
            "module.vpc.aws_route_table_association.subnet_route",
            "module.vpc.aws_subnet.subnet3",
            "module.vpc.aws_vpc.main"
          ]
        }
      ]
    },
    {
      "module": "module.vpc",
      "mode": "managed",
      "type": "aws_route_table",
      "name": "route_table",
      "provider": "provider[\"registry.terraform.io/hashicorp/aws\"]",
      "instances": [
        {
          "schema_version": 0,
          "attributes": {
            "arn": "arn:aws:ec2:us-west-2:656554891976:route-table/rtb-00913047bd0788019",
            "id": "rtb-00913047bd0788019",
            "owner_id": "656554891976",
            "propagating_vgws": [],
            "route": [
              {
                "carrier_gateway_id": "",
                "cidr_block": "0.0.0.0/0",
                "core_network_arn": "",
                "destination_prefix_list_id": "",
                "egress_only_gateway_id": "",
                "gateway_id": "igw-0c549ac071c1546db",
                "instance_id": "",
                "ipv6_cidr_block": "",
                "local_gateway_id": "",
                "nat_gateway_id": "",
                "network_interface_id": "",
                "transit_gateway_id": "",
                "vpc_endpoint_id": "",
                "vpc_peering_connection_id": ""
              }
            ],
            "tags": {},
            "tags_all": {},
            "timeouts": null,
            "vpc_id": "vpc-0d027f4c6d4bcfdab"
          },
          "sensitive_attributes": [],
          "private": "eyJlMmJmYjczMC1lY2FhLTExZTYtOGY4OC0zNDM2M2JjN2M0YzAiOnsiY3JlYXRlIjozMDAwMDAwMDAwMDAsImRlbGV0ZSI6MzAwMDAwMDAwMDAwLCJ1cGRhdGUiOjEyMDAwMDAwMDAwMH19",
          "dependencies": [
            "module.vpc.aws_internet_gateway.internet_gateway",
            "module.vpc.aws_vpc.main"
          ]
        }
      ]
    },
    {
      "module": "module.vpc",
      "mode": "managed",
      "type": "aws_route_table_association",
      "name": "Nat-Gateway-RT-Association-subnet",
      "provider": "provider[\"registry.terraform.io/hashicorp/aws\"]",
      "instances": [
        {
          "schema_version": 0,
          "attributes": {
            "gateway_id": "",
            "id": "rtbassoc-091176e92187ecc41",
            "route_table_id": "rtb-0a97d51fa04587625",
            "subnet_id": "subnet-0951b569fd29ca27c",
            "timeouts": null
          },
          "sensitive_attributes": [],
          "private": "eyJlMmJmYjczMC1lY2FhLTExZTYtOGY4OC0zNDM2M2JjN2M0YzAiOnsiY3JlYXRlIjozMDAwMDAwMDAwMDAsImRlbGV0ZSI6MzAwMDAwMDAwMDAwLCJ1cGRhdGUiOjEyMDAwMDAwMDAwMH19",
          "dependencies": [
            "module.vpc.aws_eip.Nat-Gateway-EIP",
            "module.vpc.aws_internet_gateway.internet_gateway",
            "module.vpc.aws_nat_gateway.ECS-nat",
            "module.vpc.aws_route_table.NAT-Gateway-RT",
            "module.vpc.aws_route_table.route_table",
            "module.vpc.aws_route_table_association.subnet_route",
            "module.vpc.aws_subnet.subnet",
            "module.vpc.aws_subnet.subnet3",
            "module.vpc.aws_vpc.main"
          ]
        }
      ]
    },
    {
      "module": "module.vpc",
      "mode": "managed",
      "type": "aws_route_table_association",
      "name": "Nat-Gateway-RT-Association-subnet2",
      "provider": "provider[\"registry.terraform.io/hashicorp/aws\"]",
      "instances": [
        {
          "schema_version": 0,
          "attributes": {
            "gateway_id": "",
            "id": "rtbassoc-0537c119725461c2d",
            "route_table_id": "rtb-0a97d51fa04587625",
            "subnet_id": "subnet-089a4c848c11eb381",
            "timeouts": null
          },
          "sensitive_attributes": [],
          "private": "eyJlMmJmYjczMC1lY2FhLTExZTYtOGY4OC0zNDM2M2JjN2M0YzAiOnsiY3JlYXRlIjozMDAwMDAwMDAwMDAsImRlbGV0ZSI6MzAwMDAwMDAwMDAwLCJ1cGRhdGUiOjEyMDAwMDAwMDAwMH19",
          "dependencies": [
            "module.vpc.aws_eip.Nat-Gateway-EIP",
            "module.vpc.aws_internet_gateway.internet_gateway",
            "module.vpc.aws_nat_gateway.ECS-nat",
            "module.vpc.aws_route_table.NAT-Gateway-RT",
            "module.vpc.aws_route_table.route_table",
            "module.vpc.aws_route_table_association.subnet_route",
            "module.vpc.aws_subnet.subnet2",
            "module.vpc.aws_subnet.subnet3",
            "module.vpc.aws_vpc.main"
          ]
        }
      ]
    },
    {
      "module": "module.vpc",
      "mode": "managed",
      "type": "aws_route_table_association",
      "name": "subnet_route",
      "provider": "provider[\"registry.terraform.io/hashicorp/aws\"]",
      "instances": [
        {
          "schema_version": 0,
          "attributes": {
            "gateway_id": "",
            "id": "rtbassoc-08e15b65f26c9ea90",
            "route_table_id": "rtb-00913047bd0788019",
            "subnet_id": "subnet-0accc3ca028988305",
            "timeouts": null
          },
          "sensitive_attributes": [],
          "private": "eyJlMmJmYjczMC1lY2FhLTExZTYtOGY4OC0zNDM2M2JjN2M0YzAiOnsiY3JlYXRlIjozMDAwMDAwMDAwMDAsImRlbGV0ZSI6MzAwMDAwMDAwMDAwLCJ1cGRhdGUiOjEyMDAwMDAwMDAwMH19",
          "dependencies": [
            "module.vpc.aws_internet_gateway.internet_gateway",
            "module.vpc.aws_route_table.route_table",
            "module.vpc.aws_subnet.subnet3",
            "module.vpc.aws_vpc.main"
          ]
        }
      ]
    },
    {
      "module": "module.vpc",
      "mode": "managed",
      "type": "aws_route_table_association",
      "name": "subnet_route2",
      "provider": "provider[\"registry.terraform.io/hashicorp/aws\"]",
      "instances": [
        {
          "schema_version": 0,
          "attributes": {
            "gateway_id": "",
            "id": "rtbassoc-0e626220b608f2031",
            "route_table_id": "rtb-00913047bd0788019",
            "subnet_id": "subnet-0732bb0d2f2caa6a1",
            "timeouts": null
          },
          "sensitive_attributes": [],
          "private": "eyJlMmJmYjczMC1lY2FhLTExZTYtOGY4OC0zNDM2M2JjN2M0YzAiOnsiY3JlYXRlIjozMDAwMDAwMDAwMDAsImRlbGV0ZSI6MzAwMDAwMDAwMDAwLCJ1cGRhdGUiOjEyMDAwMDAwMDAwMH19",
          "dependencies": [
            "module.vpc.aws_internet_gateway.internet_gateway",
            "module.vpc.aws_route_table.route_table",
            "module.vpc.aws_subnet.subnet4",
            "module.vpc.aws_vpc.main"
          ]
        }
      ]
    },
    {
      "module": "module.vpc",
      "mode": "managed",
      "type": "aws_security_group",
      "name": "security_group",
      "provider": "provider[\"registry.terraform.io/hashicorp/aws\"]",
      "instances": [
        {
          "schema_version": 1,
          "attributes": {
            "arn": "arn:aws:ec2:us-west-2:656554891976:security-group/sg-0eb054560f935b718",
            "description": "Managed by Terraform",
            "egress": [
              {
                "cidr_blocks": [
                  "0.0.0.0/0"
                ],
                "description": "",
                "from_port": 0,
                "ipv6_cidr_blocks": [],
                "prefix_list_ids": [],
                "protocol": "-1",
                "security_groups": [],
                "self": false,
                "to_port": 0
              }
            ],
            "id": "sg-0eb054560f935b718",
            "ingress": [
              {
                "cidr_blocks": [
                  "0.0.0.0/0"
                ],
                "description": "any",
                "from_port": 0,
                "ipv6_cidr_blocks": [],
                "prefix_list_ids": [],
                "protocol": "-1",
                "security_groups": [],
                "self": false,
                "to_port": 0
              }
            ],
            "name": "ecs-security-group",
            "name_prefix": "",
            "owner_id": "656554891976",
            "revoke_rules_on_delete": false,
            "tags": {},
            "tags_all": {},
            "timeouts": null,
            "vpc_id": "vpc-0d027f4c6d4bcfdab"
          },
          "sensitive_attributes": [],
          "private": "eyJlMmJmYjczMC1lY2FhLTExZTYtOGY4OC0zNDM2M2JjN2M0YzAiOnsiY3JlYXRlIjo2MDAwMDAwMDAwMDAsImRlbGV0ZSI6OTAwMDAwMDAwMDAwfSwic2NoZW1hX3ZlcnNpb24iOiIxIn0=",
          "dependencies": [
            "module.vpc.aws_vpc.main"
          ]
        }
      ]
    },
    {
      "module": "module.vpc",
      "mode": "managed",
      "type": "aws_subnet",
      "name": "subnet",
      "provider": "provider[\"registry.terraform.io/hashicorp/aws\"]",
      "instances": [
        {
          "schema_version": 1,
          "attributes": {
            "arn": "arn:aws:ec2:us-west-2:656554891976:subnet/subnet-0951b569fd29ca27c",
            "assign_ipv6_address_on_creation": false,
            "availability_zone": "us-west-2a",
            "availability_zone_id": "usw2-az1",
            "cidr_block": "10.0.1.0/24",
            "customer_owned_ipv4_pool": "",
            "enable_dns64": false,
            "enable_lni_at_device_index": 0,
            "enable_resource_name_dns_a_record_on_launch": false,
            "enable_resource_name_dns_aaaa_record_on_launch": false,
            "id": "subnet-0951b569fd29ca27c",
            "ipv6_cidr_block": "",
            "ipv6_cidr_block_association_id": "",
            "ipv6_native": false,
            "map_customer_owned_ip_on_launch": false,
            "map_public_ip_on_launch": true,
            "outpost_arn": "",
            "owner_id": "656554891976",
            "private_dns_hostname_type_on_launch": "ip-name",
            "tags": {},
            "tags_all": {},
            "timeouts": null,
            "vpc_id": "vpc-0d027f4c6d4bcfdab"
          },
          "sensitive_attributes": [],
          "private": "eyJlMmJmYjczMC1lY2FhLTExZTYtOGY4OC0zNDM2M2JjN2M0YzAiOnsiY3JlYXRlIjo2MDAwMDAwMDAwMDAsImRlbGV0ZSI6MTIwMDAwMDAwMDAwMH0sInNjaGVtYV92ZXJzaW9uIjoiMSJ9",
          "dependencies": [
            "module.vpc.aws_vpc.main"
          ]
        }
      ]
    },
    {
      "module": "module.vpc",
      "mode": "managed",
      "type": "aws_subnet",
      "name": "subnet2",
      "provider": "provider[\"registry.terraform.io/hashicorp/aws\"]",
      "instances": [
        {
          "schema_version": 1,
          "attributes": {
            "arn": "arn:aws:ec2:us-west-2:656554891976:subnet/subnet-089a4c848c11eb381",
            "assign_ipv6_address_on_creation": false,
            "availability_zone": "us-west-2b",
            "availability_zone_id": "usw2-az2",
            "cidr_block": "10.0.2.0/24",
            "customer_owned_ipv4_pool": "",
            "enable_dns64": false,
            "enable_lni_at_device_index": 0,
            "enable_resource_name_dns_a_record_on_launch": false,
            "enable_resource_name_dns_aaaa_record_on_launch": false,
            "id": "subnet-089a4c848c11eb381",
            "ipv6_cidr_block": "",
            "ipv6_cidr_block_association_id": "",
            "ipv6_native": false,
            "map_customer_owned_ip_on_launch": false,
            "map_public_ip_on_launch": true,
            "outpost_arn": "",
            "owner_id": "656554891976",
            "private_dns_hostname_type_on_launch": "ip-name",
            "tags": {},
            "tags_all": {},
            "timeouts": null,
            "vpc_id": "vpc-0d027f4c6d4bcfdab"
          },
          "sensitive_attributes": [],
          "private": "eyJlMmJmYjczMC1lY2FhLTExZTYtOGY4OC0zNDM2M2JjN2M0YzAiOnsiY3JlYXRlIjo2MDAwMDAwMDAwMDAsImRlbGV0ZSI6MTIwMDAwMDAwMDAwMH0sInNjaGVtYV92ZXJzaW9uIjoiMSJ9",
          "dependencies": [
            "module.vpc.aws_vpc.main"
          ]
        }
      ]
    },
    {
      "module": "module.vpc",
      "mode": "managed",
      "type": "aws_subnet",
      "name": "subnet3",
      "provider": "provider[\"registry.terraform.io/hashicorp/aws\"]",
      "instances": [
        {
          "schema_version": 1,
          "attributes": {
            "arn": "arn:aws:ec2:us-west-2:656554891976:subnet/subnet-0accc3ca028988305",
            "assign_ipv6_address_on_creation": false,
            "availability_zone": "us-west-2c",
            "availability_zone_id": "usw2-az3",
            "cidr_block": "10.0.3.0/24",
            "customer_owned_ipv4_pool": "",
            "enable_dns64": false,
            "enable_lni_at_device_index": 0,
            "enable_resource_name_dns_a_record_on_launch": false,
            "enable_resource_name_dns_aaaa_record_on_launch": false,
            "id": "subnet-0accc3ca028988305",
            "ipv6_cidr_block": "",
            "ipv6_cidr_block_association_id": "",
            "ipv6_native": false,
            "map_customer_owned_ip_on_launch": false,
            "map_public_ip_on_launch": true,
            "outpost_arn": "",
            "owner_id": "656554891976",
            "private_dns_hostname_type_on_launch": "ip-name",
            "tags": {},
            "tags_all": {},
            "timeouts": null,
            "vpc_id": "vpc-0d027f4c6d4bcfdab"
          },
          "sensitive_attributes": [],
          "private": "eyJlMmJmYjczMC1lY2FhLTExZTYtOGY4OC0zNDM2M2JjN2M0YzAiOnsiY3JlYXRlIjo2MDAwMDAwMDAwMDAsImRlbGV0ZSI6MTIwMDAwMDAwMDAwMH0sInNjaGVtYV92ZXJzaW9uIjoiMSJ9",
          "dependencies": [
            "module.vpc.aws_vpc.main"
          ]
        }
      ]
    },
    {
      "module": "module.vpc",
      "mode": "managed",
      "type": "aws_subnet",
      "name": "subnet4",
      "provider": "provider[\"registry.terraform.io/hashicorp/aws\"]",
      "instances": [
        {
          "schema_version": 1,
          "attributes": {
            "arn": "arn:aws:ec2:us-west-2:656554891976:subnet/subnet-0732bb0d2f2caa6a1",
            "assign_ipv6_address_on_creation": false,
            "availability_zone": "us-west-2b",
            "availability_zone_id": "usw2-az2",
            "cidr_block": "10.0.4.0/24",
            "customer_owned_ipv4_pool": "",
            "enable_dns64": false,
            "enable_lni_at_device_index": 0,
            "enable_resource_name_dns_a_record_on_launch": false,
            "enable_resource_name_dns_aaaa_record_on_launch": false,
            "id": "subnet-0732bb0d2f2caa6a1",
            "ipv6_cidr_block": "",
            "ipv6_cidr_block_association_id": "",
            "ipv6_native": false,
            "map_customer_owned_ip_on_launch": false,
            "map_public_ip_on_launch": true,
            "outpost_arn": "",
            "owner_id": "656554891976",
            "private_dns_hostname_type_on_launch": "ip-name",
            "tags": {},
            "tags_all": {},
            "timeouts": null,
            "vpc_id": "vpc-0d027f4c6d4bcfdab"
          },
          "sensitive_attributes": [],
          "private": "eyJlMmJmYjczMC1lY2FhLTExZTYtOGY4OC0zNDM2M2JjN2M0YzAiOnsiY3JlYXRlIjo2MDAwMDAwMDAwMDAsImRlbGV0ZSI6MTIwMDAwMDAwMDAwMH0sInNjaGVtYV92ZXJzaW9uIjoiMSJ9",
          "dependencies": [
            "module.vpc.aws_vpc.main"
          ]
        }
      ]
    },
    {
      "module": "module.vpc",
      "mode": "managed",
      "type": "aws_vpc",
      "name": "main",
      "provider": "provider[\"registry.terraform.io/hashicorp/aws\"]",
      "instances": [
        {
          "schema_version": 1,
          "attributes": {
            "arn": "arn:aws:ec2:us-west-2:656554891976:vpc/vpc-0d027f4c6d4bcfdab",
            "assign_generated_ipv6_cidr_block": false,
            "cidr_block": "10.0.0.0/16",
            "default_network_acl_id": "acl-0d67271d8506be32b",
            "default_route_table_id": "rtb-053f6c14b6c5f6ddd",
            "default_security_group_id": "sg-0c150eff63cb8be3f",
            "dhcp_options_id": "dopt-098b2cf7642f2353b",
            "enable_classiclink": false,
            "enable_classiclink_dns_support": false,
            "enable_dns_hostnames": true,
            "enable_dns_support": true,
            "enable_network_address_usage_metrics": false,
            "id": "vpc-0d027f4c6d4bcfdab",
            "instance_tenancy": "default",
            "ipv4_ipam_pool_id": null,
            "ipv4_netmask_length": null,
            "ipv6_association_id": "",
            "ipv6_cidr_block": "",
            "ipv6_cidr_block_network_border_group": "",
            "ipv6_ipam_pool_id": "",
            "ipv6_netmask_length": 0,
            "main_route_table_id": "rtb-053f6c14b6c5f6ddd",
            "owner_id": "656554891976",
            "tags": {
              "name": "main"
            },
            "tags_all": {
              "name": "main"
            }
          },
          "sensitive_attributes": [],
          "private": "eyJzY2hlbWFfdmVyc2lvbiI6IjEifQ=="
        }
      ]
    }
  ],
  "check_results": null
}
